// !$*UTF8*$!
{
	archiveVersion = 1;
	classes = {
	};
	objectVersion = 46;
	objects = {

/* Begin PBXBuildFile section */
		6161F0AF190622CF00733E82 /* Foundation.framework in Frameworks */ = {isa = PBXBuildFile; fileRef = 6161F0AE190622CF00733E82 /* Foundation.framework */; };
		6161F0B1190622CF00733E82 /* CoreGraphics.framework in Frameworks */ = {isa = PBXBuildFile; fileRef = 6161F0B0190622CF00733E82 /* CoreGraphics.framework */; };
		6161F0B3190622CF00733E82 /* UIKit.framework in Frameworks */ = {isa = PBXBuildFile; fileRef = 6161F0B2190622CF00733E82 /* UIKit.framework */; };
		6161F0B9190622CF00733E82 /* InfoPlist.strings in Resources */ = {isa = PBXBuildFile; fileRef = 6161F0B7190622CF00733E82 /* InfoPlist.strings */; };
		6161F0BB190622CF00733E82 /* main.m in Sources */ = {isa = PBXBuildFile; fileRef = 6161F0BA190622CF00733E82 /* main.m */; };
		6161F0BF190622CF00733E82 /* AppDelegate.m in Sources */ = {isa = PBXBuildFile; fileRef = 6161F0BE190622CF00733E82 /* AppDelegate.m */; };
		6161F0C2190622CF00733E82 /* Main.storyboard in Resources */ = {isa = PBXBuildFile; fileRef = 6161F0C0190622CF00733E82 /* Main.storyboard */; };
		6161F0C5190622CF00733E82 /* ViewController.m in Sources */ = {isa = PBXBuildFile; fileRef = 6161F0C4190622CF00733E82 /* ViewController.m */; };
		6161F0C7190622CF00733E82 /* Images.xcassets in Resources */ = {isa = PBXBuildFile; fileRef = 6161F0C6190622CF00733E82 /* Images.xcassets */; };
		6161F0CE190622CF00733E82 /* XCTest.framework in Frameworks */ = {isa = PBXBuildFile; fileRef = 6161F0CD190622CF00733E82 /* XCTest.framework */; };
		6161F0CF190622CF00733E82 /* Foundation.framework in Frameworks */ = {isa = PBXBuildFile; fileRef = 6161F0AE190622CF00733E82 /* Foundation.framework */; };
		6161F0D0190622CF00733E82 /* UIKit.framework in Frameworks */ = {isa = PBXBuildFile; fileRef = 6161F0B2190622CF00733E82 /* UIKit.framework */; };
		6161F0D8190622CF00733E82 /* InfoPlist.strings in Resources */ = {isa = PBXBuildFile; fileRef = 6161F0D6190622CF00733E82 /* InfoPlist.strings */; };
		6161F0DA190622CF00733E82 /* WoWTests.m in Sources */ = {isa = PBXBuildFile; fileRef = 6161F0D9190622CF00733E82 /* WoWTests.m */; };
/* End PBXBuildFile section */

/* Begin PBXContainerItemProxy section */
		6161F0D1190622CF00733E82 /* PBXContainerItemProxy */ = {
			isa = PBXContainerItemProxy;
			containerPortal = 6161F0A3190622CF00733E82 /* Project object */;
			proxyType = 1;
			remoteGlobalIDString = 6161F0AA190622CF00733E82;
			remoteInfo = WoW;
		};
/* End PBXContainerItemProxy section */

/* Begin PBXFileReference section */
		6161F0AB190622CF00733E82 /* WoW.app */ = {isa = PBXFileReference; explicitFileType = wrapper.application; includeInIndex = 0; path = WoW.app; sourceTree = BUILT_PRODUCTS_DIR; };
		6161F0AE190622CF00733E82 /* Foundation.framework */ = {isa = PBXFileReference; lastKnownFileType = wrapper.framework; name = Foundation.framework; path = System/Library/Frameworks/Foundation.framework; sourceTree = SDKROOT; };
		6161F0B0190622CF00733E82 /* CoreGraphics.framework */ = {isa = PBXFileReference; lastKnownFileType = wrapper.framework; name = CoreGraphics.framework; path = System/Library/Frameworks/CoreGraphics.framework; sourceTree = SDKROOT; };
		6161F0B2190622CF00733E82 /* UIKit.framework */ = {isa = PBXFileReference; lastKnownFileType = wrapper.framework; name = UIKit.framework; path = System/Library/Frameworks/UIKit.framework; sourceTree = SDKROOT; };
		6161F0B6190622CF00733E82 /* WoW-Info.plist */ = {isa = PBXFileReference; lastKnownFileType = text.plist.xml; path = "WoW-Info.plist"; sourceTree = "<group>"; };
		6161F0B8190622CF00733E82 /* en */ = {isa = PBXFileReference; lastKnownFileType = text.plist.strings; name = en; path = en.lproj/InfoPlist.strings; sourceTree = "<group>"; };
		6161F0BA190622CF00733E82 /* main.m */ = {isa = PBXFileReference; lastKnownFileType = sourcecode.c.objc; path = main.m; sourceTree = "<group>"; };
		6161F0BC190622CF00733E82 /* WoW-Prefix.pch */ = {isa = PBXFileReference; lastKnownFileType = sourcecode.c.h; path = "WoW-Prefix.pch"; sourceTree = "<group>"; };
		6161F0BD190622CF00733E82 /* AppDelegate.h */ = {isa = PBXFileReference; lastKnownFileType = sourcecode.c.h; path = AppDelegate.h; sourceTree = "<group>"; };
		6161F0BE190622CF00733E82 /* AppDelegate.m */ = {isa = PBXFileReference; lastKnownFileType = sourcecode.c.objc; path = AppDelegate.m; sourceTree = "<group>"; };
		6161F0C1190622CF00733E82 /* Base */ = {isa = PBXFileReference; lastKnownFileType = file.storyboard; name = Base; path = Base.lproj/Main.storyboard; sourceTree = "<group>"; };
		6161F0C3190622CF00733E82 /* ViewController.h */ = {isa = PBXFileReference; lastKnownFileType = sourcecode.c.h; path = ViewController.h; sourceTree = "<group>"; };
		6161F0C4190622CF00733E82 /* ViewController.m */ = {isa = PBXFileReference; lastKnownFileType = sourcecode.c.objc; path = ViewController.m; sourceTree = "<group>"; };
		6161F0C6190622CF00733E82 /* Images.xcassets */ = {isa = PBXFileReference; lastKnownFileType = folder.assetcatalog; path = Images.xcassets; sourceTree = "<group>"; };
		6161F0CC190622CF00733E82 /* WoWTests.xctest */ = {isa = PBXFileReference; explicitFileType = wrapper.cfbundle; includeInIndex = 0; path = WoWTests.xctest; sourceTree = BUILT_PRODUCTS_DIR; };
		6161F0CD190622CF00733E82 /* XCTest.framework */ = {isa = PBXFileReference; lastKnownFileType = wrapper.framework; name = XCTest.framework; path = Library/Frameworks/XCTest.framework; sourceTree = DEVELOPER_DIR; };
		6161F0D5190622CF00733E82 /* WoWTests-Info.plist */ = {isa = PBXFileReference; lastKnownFileType = text.plist.xml; path = "WoWTests-Info.plist"; sourceTree = "<group>"; };
		6161F0D7190622CF00733E82 /* en */ = {isa = PBXFileReference; lastKnownFileType = text.plist.strings; name = en; path = en.lproj/InfoPlist.strings; sourceTree = "<group>"; };
		6161F0D9190622CF00733E82 /* WoWTests.m */ = {isa = PBXFileReference; lastKnownFileType = sourcecode.c.objc; path = WoWTests.m; sourceTree = "<group>"; };
/* End PBXFileReference section */

/* Begin PBXFrameworksBuildPhase section */
		6161F0A8190622CF00733E82 /* Frameworks */ = {
			isa = PBXFrameworksBuildPhase;
			buildActionMask = 2147483647;
			files = (
				6161F0B1190622CF00733E82 /* CoreGraphics.framework in Frameworks */,
				6161F0B3190622CF00733E82 /* UIKit.framework in Frameworks */,
				6161F0AF190622CF00733E82 /* Foundation.framework in Frameworks */,
			);
			runOnlyForDeploymentPostprocessing = 0;
		};
		6161F0C9190622CF00733E82 /* Frameworks */ = {
			isa = PBXFrameworksBuildPhase;
			buildActionMask = 2147483647;
			files = (
				6161F0CE190622CF00733E82 /* XCTest.framework in Frameworks */,
				6161F0D0190622CF00733E82 /* UIKit.framework in Frameworks */,
				6161F0CF190622CF00733E82 /* Foundation.framework in Frameworks */,
			);
			runOnlyForDeploymentPostprocessing = 0;
		};
/* End PBXFrameworksBuildPhase section */

/* Begin PBXGroup section */
		6161F0A2190622CF00733E82 = {
			isa = PBXGroup;
			children = (
				6161F0B4190622CF00733E82 /* WoW */,
				6161F0D3190622CF00733E82 /* WoWTests */,
				6161F0AD190622CF00733E82 /* Frameworks */,
				6161F0AC190622CF00733E82 /* Products */,
			);
			sourceTree = "<group>";
		};
		6161F0AC190622CF00733E82 /* Products */ = {
			isa = PBXGroup;
			children = (
				6161F0AB190622CF00733E82 /* WoW.app */,
				6161F0CC190622CF00733E82 /* WoWTests.xctest */,
			);
			name = Products;
			sourceTree = "<group>";
		};
		6161F0AD190622CF00733E82 /* Frameworks */ = {
			isa = PBXGroup;
			children = (
				6161F0AE190622CF00733E82 /* Foundation.framework */,
				6161F0B0190622CF00733E82 /* CoreGraphics.framework */,
				6161F0B2190622CF00733E82 /* UIKit.framework */,
				6161F0CD190622CF00733E82 /* XCTest.framework */,
			);
			name = Frameworks;
			sourceTree = "<group>";
		};
		6161F0B4190622CF00733E82 /* WoW */ = {
			isa = PBXGroup;
			children = (
				6161F0BD190622CF00733E82 /* AppDelegate.h */,
				6161F0BE190622CF00733E82 /* AppDelegate.m */,
				6161F0C0190622CF00733E82 /* Main.storyboard */,
				6161F0C3190622CF00733E82 /* ViewController.h */,
				6161F0C4190622CF00733E82 /* ViewController.m */,
				6161F0C6190622CF00733E82 /* Images.xcassets */,
				6161F0B5190622CF00733E82 /* Supporting Files */,
			);
			path = WoW;
			sourceTree = "<group>";
		};
		6161F0B5190622CF00733E82 /* Supporting Files */ = {
			isa = PBXGroup;
			children = (
				6161F0B6190622CF00733E82 /* WoW-Info.plist */,
				6161F0B7190622CF00733E82 /* InfoPlist.strings */,
				6161F0BA190622CF00733E82 /* main.m */,
				6161F0BC190622CF00733E82 /* WoW-Prefix.pch */,
			);
			name = "Supporting Files";
			sourceTree = "<group>";
		};
		6161F0D3190622CF00733E82 /* WoWTests */ = {
			isa = PBXGroup;
			children = (
				6161F0D9190622CF00733E82 /* WoWTests.m */,
				6161F0D4190622CF00733E82 /* Supporting Files */,
			);
			path = WoWTests;
			sourceTree = "<group>";
		};
		6161F0D4190622CF00733E82 /* Supporting Files */ = {
			isa = PBXGroup;
			children = (
				6161F0D5190622CF00733E82 /* WoWTests-Info.plist */,
				6161F0D6190622CF00733E82 /* InfoPlist.strings */,
			);
			name = "Supporting Files";
			sourceTree = "<group>";
		};
/* End PBXGroup section */

/* Begin PBXNativeTarget section */
		6161F0AA190622CF00733E82 /* WoW */ = {
			isa = PBXNativeTarget;
			buildConfigurationList = 6161F0DD190622CF00733E82 /* Build configuration list for PBXNativeTarget "WoW" */;
			buildPhases = (
				6161F0A7190622CF00733E82 /* Sources */,
				6161F0A8190622CF00733E82 /* Frameworks */,
				6161F0A9190622CF00733E82 /* Resources */,
			);
			buildRules = (
			);
			dependencies = (
			);
			name = WoW;
			productName = WoW;
			productReference = 6161F0AB190622CF00733E82 /* WoW.app */;
			productType = "com.apple.product-type.application";
		};
		6161F0CB190622CF00733E82 /* WoWTests */ = {
			isa = PBXNativeTarget;
			buildConfigurationList = 6161F0E0190622CF00733E82 /* Build configuration list for PBXNativeTarget "WoWTests" */;
			buildPhases = (
				6161F0C8190622CF00733E82 /* Sources */,
				6161F0C9190622CF00733E82 /* Frameworks */,
				6161F0CA190622CF00733E82 /* Resources */,
			);
			buildRules = (
			);
			dependencies = (
				6161F0D2190622CF00733E82 /* PBXTargetDependency */,
			);
			name = WoWTests;
			productName = WoWTests;
			productReference = 6161F0CC190622CF00733E82 /* WoWTests.xctest */;
			productType = "com.apple.product-type.bundle.unit-test";
		};
/* End PBXNativeTarget section */

/* Begin PBXProject section */
		6161F0A3190622CF00733E82 /* Project object */ = {
			isa = PBXProject;
			attributes = {
				LastUpgradeCheck = 0510;
				ORGANIZATIONNAME = "System Administrator";
				TargetAttributes = {
					6161F0CB190622CF00733E82 = {
						TestTargetID = 6161F0AA190622CF00733E82;
					};
				};
			};
			buildConfigurationList = 6161F0A6190622CF00733E82 /* Build configuration list for PBXProject "WoW" */;
			compatibilityVersion = "Xcode 3.2";
			developmentRegion = English;
			hasScannedForEncodings = 0;
			knownRegions = (
				en,
				Base,
			);
			mainGroup = 6161F0A2190622CF00733E82;
			productRefGroup = 6161F0AC190622CF00733E82 /* Products */;
			projectDirPath = "";
			projectRoot = "";
			targets = (
				6161F0AA190622CF00733E82 /* WoW */,
				6161F0CB190622CF00733E82 /* WoWTests */,
			);
		};
/* End PBXProject section */

/* Begin PBXResourcesBuildPhase section */
		6161F0A9190622CF00733E82 /* Resources */ = {
			isa = PBXResourcesBuildPhase;
			buildActionMask = 2147483647;
			files = (
				6161F0C7190622CF00733E82 /* Images.xcassets in Resources */,
				6161F0B9190622CF00733E82 /* InfoPlist.strings in Resources */,
				6161F0C2190622CF00733E82 /* Main.storyboard in Resources */,
			);
			runOnlyForDeploymentPostprocessing = 0;
		};
		6161F0CA190622CF00733E82 /* Resources */ = {
			isa = PBXResourcesBuildPhase;
			buildActionMask = 2147483647;
			files = (
				6161F0D8190622CF00733E82 /* InfoPlist.strings in Resources */,
			);
			runOnlyForDeploymentPostprocessing = 0;
		};
/* End PBXResourcesBuildPhase section */

/* Begin PBXSourcesBuildPhase section */
		6161F0A7190622CF00733E82 /* Sources */ = {
			isa = PBXSourcesBuildPhase;
			buildActionMask = 2147483647;
			files = (
				6161F0C5190622CF00733E82 /* ViewController.m in Sources */,
				6161F0BF190622CF00733E82 /* AppDelegate.m in Sources */,
				6161F0BB190622CF00733E82 /* main.m in Sources */,
			);
			runOnlyForDeploymentPostprocessing = 0;
		};
		6161F0C8190622CF00733E82 /* Sources */ = {
			isa = PBXSourcesBuildPhase;
			buildActionMask = 2147483647;
			files = (
				6161F0DA190622CF00733E82 /* WoWTests.m in Sources */,
			);
			runOnlyForDeploymentPostprocessing = 0;
		};
/* End PBXSourcesBuildPhase section */

/* Begin PBXTargetDependency section */
		6161F0D2190622CF00733E82 /* PBXTargetDependency */ = {
			isa = PBXTargetDependency;
			target = 6161F0AA190622CF00733E82 /* WoW */;
			targetProxy = 6161F0D1190622CF00733E82 /* PBXContainerItemProxy */;
		};
/* End PBXTargetDependency section */

/* Begin PBXVariantGroup section */
		6161F0B7190622CF00733E82 /* InfoPlist.strings */ = {
			isa = PBXVariantGroup;
			children = (
				6161F0B8190622CF00733E82 /* en */,
			);
			name = InfoPlist.strings;
			sourceTree = "<group>";
		};
		6161F0C0190622CF00733E82 /* Main.storyboard */ = {
			isa = PBXVariantGroup;
			children = (
				6161F0C1190622CF00733E82 /* Base */,
			);
			name = Main.storyboard;
			sourceTree = "<group>";
		};
		6161F0D6190622CF00733E82 /* InfoPlist.strings */ = {
			isa = PBXVariantGroup;
			children = (
				6161F0D7190622CF00733E82 /* en */,
			);
			name = InfoPlist.strings;
			sourceTree = "<group>";
		};
/* End PBXVariantGroup section */

/* Begin XCBuildConfiguration section */
		6161F0DB190622CF00733E82 /* Debug */ = {
			isa = XCBuildConfiguration;
			buildSettings = {
				ALWAYS_SEARCH_USER_PATHS = NO;
				CLANG_CXX_LANGUAGE_STANDARD = "gnu++0x";
				CLANG_CXX_LIBRARY = "libc++";
				CLANG_ENABLE_MODULES = YES;
				CLANG_ENABLE_OBJC_ARC = YES;
				CLANG_WARN_BOOL_CONVERSION = YES;
				CLANG_WARN_CONSTANT_CONVERSION = YES;
				CLANG_WARN_DIRECT_OBJC_ISA_USAGE = YES_ERROR;
				CLANG_WARN_EMPTY_BODY = YES;
				CLANG_WARN_ENUM_CONVERSION = YES;
				CLANG_WARN_INT_CONVERSION = YES;
				CLANG_WARN_OBJC_ROOT_CLASS = YES_ERROR;
				CLANG_WARN__DUPLICATE_METHOD_MATCH = YES;
				"CODE_SIGN_IDENTITY[sdk=iphoneos*]" = "iPhone Developer";
				COPY_PHASE_STRIP = NO;
				GCC_C_LANGUAGE_STANDARD = gnu99;
				GCC_DYNAMIC_NO_PIC = NO;
				GCC_OPTIMIZATION_LEVEL = 0;
				GCC_PREPROCESSOR_DEFINITIONS = (
					"DEBUG=1",
					"$(inherited)",
				);
				GCC_SYMBOLS_PRIVATE_EXTERN = NO;
				GCC_WARN_64_TO_32_BIT_CONVERSION = YES;
				GCC_WARN_ABOUT_RETURN_TYPE = YES_ERROR;
				GCC_WARN_UNDECLARED_SELECTOR = YES;
				GCC_WARN_UNINITIALIZED_AUTOS = YES_AGGRESSIVE;
				GCC_WARN_UNUSED_FUNCTION = YES;
				GCC_WARN_UNUSED_VARIABLE = YES;
				IPHONEOS_DEPLOYMENT_TARGET = 7.1;
				ONLY_ACTIVE_ARCH = YES;
				SDKROOT = iphoneos;
			};
			name = Debug;
		};
		6161F0DC190622CF00733E82 /* Release */ = {
			isa = XCBuildConfiguration;
			buildSettings = {
				ALWAYS_SEARCH_USER_PATHS = NO;
				CLANG_CXX_LANGUAGE_STANDARD = "gnu++0x";
				CLANG_CXX_LIBRARY = "libc++";
				CLANG_ENABLE_MODULES = YES;
				CLANG_ENABLE_OBJC_ARC = YES;
				CLANG_WARN_BOOL_CONVERSION = YES;
				CLANG_WARN_CONSTANT_CONVERSION = YES;
				CLANG_WARN_DIRECT_OBJC_ISA_USAGE = YES_ERROR;
				CLANG_WARN_EMPTY_BODY = YES;
				CLANG_WARN_ENUM_CONVERSION = YES;
				CLANG_WARN_INT_CONVERSION = YES;
				CLANG_WARN_OBJC_ROOT_CLASS = YES_ERROR;
				CLANG_WARN__DUPLICATE_METHOD_MATCH = YES;
				"CODE_SIGN_IDENTITY[sdk=iphoneos*]" = "iPhone Developer";
				COPY_PHASE_STRIP = YES;
				ENABLE_NS_ASSERTIONS = NO;
				GCC_C_LANGUAGE_STANDARD = gnu99;
				GCC_WARN_64_TO_32_BIT_CONVERSION = YES;
				GCC_WARN_ABOUT_RETURN_TYPE = YES_ERROR;
				GCC_WARN_UNDECLARED_SELECTOR = YES;
				GCC_WARN_UNINITIALIZED_AUTOS = YES_AGGRESSIVE;
				GCC_WARN_UNUSED_FUNCTION = YES;
				GCC_WARN_UNUSED_VARIABLE = YES;
				IPHONEOS_DEPLOYMENT_TARGET = 7.1;
				SDKROOT = iphoneos;
				VALIDATE_PRODUCT = YES;
			};
			name = Release;
		};
		6161F0DE190622CF00733E82 /* Debug */ = {
			isa = XCBuildConfiguration;
			buildSettings = {
				ASSETCATALOG_COMPILER_APPICON_NAME = AppIcon;
				ASSETCATALOG_COMPILER_LAUNCHIMAGE_NAME = LaunchImage;
				GCC_PRECOMPILE_PREFIX_HEADER = YES;
				GCC_PREFIX_HEADER = "WoW/WoW-Prefix.pch";
				INFOPLIST_FILE = "WoW/WoW-Info.plist";
				PRODUCT_NAME = "$(TARGET_NAME)";
				WRAPPER_EXTENSION = app;
			};
			name = Debug;
		};
		6161F0DF190622CF00733E82 /* Release */ = {
			isa = XCBuildConfiguration;
			buildSettings = {
				ASSETCATALOG_COMPILER_APPICON_NAME = AppIcon;
				ASSETCATALOG_COMPILER_LAUNCHIMAGE_NAME = LaunchImage;
				GCC_PRECOMPILE_PREFIX_HEADER = YES;
				GCC_PREFIX_HEADER = "WoW/WoW-Prefix.pch";
				INFOPLIST_FILE = "WoW/WoW-Info.plist";
				PRODUCT_NAME = "$(TARGET_NAME)";
				WRAPPER_EXTENSION = app;
			};
			name = Release;
		};
		6161F0E1190622CF00733E82 /* Debug */ = {
			isa = XCBuildConfiguration;
			buildSettings = {
				BUNDLE_LOADER = "$(BUILT_PRODUCTS_DIR)/WoW.app/WoW";
				FRAMEWORK_SEARCH_PATHS = (
					"$(SDKROOT)/Developer/Library/Frameworks",
					"$(inherited)",
					"$(DEVELOPER_FRAMEWORKS_DIR)",
				);
				GCC_PRECOMPILE_PREFIX_HEADER = YES;
				GCC_PREFIX_HEADER = "WoW/WoW-Prefix.pch";
				GCC_PREPROCESSOR_DEFINITIONS = (
					"DEBUG=1",
					"$(inherited)",
				);
				INFOPLIST_FILE = "WoWTests/WoWTests-Info.plist";
				PRODUCT_NAME = "$(TARGET_NAME)";
				TEST_HOST = "$(BUNDLE_LOADER)";
				WRAPPER_EXTENSION = xctest;
			};
			name = Debug;
		};
		6161F0E2190622CF00733E82 /* Release */ = {
			isa = XCBuildConfiguration;
			buildSettings = {
				BUNDLE_LOADER = "$(BUILT_PRODUCTS_DIR)/WoW.app/WoW";
				FRAMEWORK_SEARCH_PATHS = (
					"$(SDKROOT)/Developer/Library/Frameworks",
					"$(inherited)",
					"$(DEVELOPER_FRAMEWORKS_DIR)",
				);
				GCC_PRECOMPILE_PREFIX_HEADER = YES;
				GCC_PREFIX_HEADER = "WoW/WoW-Prefix.pch";
				INFOPLIST_FILE = "WoWTests/WoWTests-Info.plist";
				PRODUCT_NAME = "$(TARGET_NAME)";
				TEST_HOST = "$(BUNDLE_LOADER)";
				WRAPPER_EXTENSION = xctest;
			};
			name = Release;
		};
/* End XCBuildConfiguration section */

/* Begin XCConfigurationList section */
		6161F0A6190622CF00733E82 /* Build configuration list for PBXProject "WoW" */ = {
			isa = XCConfigurationList;
			buildConfigurations = (
				6161F0DB190622CF00733E82 /* Debug */,
				6161F0DC190622CF00733E82 /* Release */,
			);
			defaultConfigurationIsVisible = 0;
			defaultConfigurationName = Release;
		};
		6161F0DD190622CF00733E82 /* Build configuration list for PBXNativeTarget "WoW" */ = {
			isa = XCConfigurationList;
			buildConfigurations = (
				6161F0DE190622CF00733E82 /* Debug */,
				6161F0DF190622CF00733E82 /* Release */,
			);
			defaultConfigurationIsVisible = 0;
		};
		6161F0E0190622CF00733E82 /* Build configuration list for PBXNativeTarget "WoWTests" */ = {
			isa = XCConfigurationList;
			buildConfigurations = (
				6161F0E1190622CF00733E82 /* Debug */,
				6161F0E2190622CF00733E82 /* Release */,
			);
			defaultConfigurationIsVisible = 0;
		};
/* End XCConfigurationList section */
	};
	rootObject = 6161F0A3190622CF00733E82 /* Project object */;
}
